// !$*UTF8*$!
{
	archiveVersion = 1;
	classes = {
	};
	objectVersion = 46;
	objects = {

/* Begin PBXBuildFile section */
		2C18CDD51AE9E2FD00E72583 /* AppDelegate.swift in Sources */ = {isa = PBXBuildFile; fileRef = 2C18CDD41AE9E2FD00E72583 /* AppDelegate.swift */; };
		2C18CDD71AE9E2FD00E72583 /* ViewController.swift in Sources */ = {isa = PBXBuildFile; fileRef = 2C18CDD61AE9E2FD00E72583 /* ViewController.swift */; };
		2C18CDDA1AE9E2FD00E72583 /* Main.storyboard in Resources */ = {isa = PBXBuildFile; fileRef = 2C18CDD81AE9E2FD00E72583 /* Main.storyboard */; };
		2C18CDDC1AE9E2FD00E72583 /* Images.xcassets in Resources */ = {isa = PBXBuildFile; fileRef = 2C18CDDB1AE9E2FD00E72583 /* Images.xcassets */; };
		2C18CDDF1AE9E2FD00E72583 /* LaunchScreen.xib in Resources */ = {isa = PBXBuildFile; fileRef = 2C18CDDD1AE9E2FD00E72583 /* LaunchScreen.xib */; };
		2C18CDEB1AE9E2FD00E72583 /* flickfinderTests.swift in Sources */ = {isa = PBXBuildFile; fileRef = 2C18CDEA1AE9E2FD00E72583 /* flickfinderTests.swift */; };
/* End PBXBuildFile section */

/* Begin PBXContainerItemProxy section */
		2C18CDE51AE9E2FD00E72583 /* PBXContainerItemProxy */ = {
			isa = PBXContainerItemProxy;
			containerPortal = 2C18CDC71AE9E2FD00E72583 /* Project object */;
			proxyType = 1;
			remoteGlobalIDString = 2C18CDCE1AE9E2FD00E72583;
			remoteInfo = flickfinder;
		};
/* End PBXContainerItemProxy section */

/* Begin PBXFileReference section */
		2C18CDCF1AE9E2FD00E72583 /* flickfinder.app */ = {isa = PBXFileReference; explicitFileType = wrapper.application; includeInIndex = 0; path = flickfinder.app; sourceTree = BUILT_PRODUCTS_DIR; };
		2C18CDD31AE9E2FD00E72583 /* Info.plist */ = {isa = PBXFileReference; lastKnownFileType = text.plist.xml; path = Info.plist; sourceTree = "<group>"; };
		2C18CDD41AE9E2FD00E72583 /* AppDelegate.swift */ = {isa = PBXFileReference; lastKnownFileType = sourcecode.swift; path = AppDelegate.swift; sourceTree = "<group>"; };
		2C18CDD61AE9E2FD00E72583 /* ViewController.swift */ = {isa = PBXFileReference; lastKnownFileType = sourcecode.swift; path = ViewController.swift; sourceTree = "<group>"; };
		2C18CDD91AE9E2FD00E72583 /* Base */ = {isa = PBXFileReference; lastKnownFileType = file.storyboard; name = Base; path = Base.lproj/Main.storyboard; sourceTree = "<group>"; };
		2C18CDDB1AE9E2FD00E72583 /* Images.xcassets */ = {isa = PBXFileReference; lastKnownFileType = folder.assetcatalog; path = Images.xcassets; sourceTree = "<group>"; };
		2C18CDDE1AE9E2FD00E72583 /* Base */ = {isa = PBXFileReference; lastKnownFileType = file.xib; name = Base; path = Base.lproj/LaunchScreen.xib; sourceTree = "<group>"; };
		2C18CDE41AE9E2FD00E72583 /* flickfinderTests.xctest */ = {isa = PBXFileReference; explicitFileType = wrapper.cfbundle; includeInIndex = 0; path = flickfinderTests.xctest; sourceTree = BUILT_PRODUCTS_DIR; };
		2C18CDE91AE9E2FD00E72583 /* Info.plist */ = {isa = PBXFileReference; lastKnownFileType = text.plist.xml; path = Info.plist; sourceTree = "<group>"; };
		2C18CDEA1AE9E2FD00E72583 /* flickfinderTests.swift */ = {isa = PBXFileReference; lastKnownFileType = sourcecode.swift; path = flickfinderTests.swift; sourceTree = "<group>"; };
/* End PBXFileReference section */

/* Begin PBXFrameworksBuildPhase section */
		2C18CDCC1AE9E2FD00E72583 /* Frameworks */ = {
			isa = PBXFrameworksBuildPhase;
			buildActionMask = 2147483647;
			files = (
			);
			runOnlyForDeploymentPostprocessing = 0;
		};
		2C18CDE11AE9E2FD00E72583 /* Frameworks */ = {
			isa = PBXFrameworksBuildPhase;
			buildActionMask = 2147483647;
			files = (
			);
			runOnlyForDeploymentPostprocessing = 0;
		};
/* End PBXFrameworksBuildPhase section */

/* Begin PBXGroup section */
		2C18CDC61AE9E2FD00E72583 = {
			isa = PBXGroup;
			children = (
				2C18CDD11AE9E2FD00E72583 /* flickfinder */,
				2C18CDE71AE9E2FD00E72583 /* flickfinderTests */,
				2C18CDD01AE9E2FD00E72583 /* Products */,
			);
			sourceTree = "<group>";
		};
		2C18CDD01AE9E2FD00E72583 /* Products */ = {
			isa = PBXGroup;
			children = (
				2C18CDCF1AE9E2FD00E72583 /* flickfinder.app */,
				2C18CDE41AE9E2FD00E72583 /* flickfinderTests.xctest */,
			);
			name = Products;
			sourceTree = "<group>";
		};
		2C18CDD11AE9E2FD00E72583 /* flickfinder */ = {
			isa = PBXGroup;
			children = (
				2C18CDD41AE9E2FD00E72583 /* AppDelegate.swift */,
				2C18CDD61AE9E2FD00E72583 /* ViewController.swift */,
				2C18CDD81AE9E2FD00E72583 /* Main.storyboard */,
				2C18CDDB1AE9E2FD00E72583 /* Images.xcassets */,
				2C18CDDD1AE9E2FD00E72583 /* LaunchScreen.xib */,
				2C18CDD21AE9E2FD00E72583 /* Supporting Files */,
			);
			path = flickfinder;
			sourceTree = "<group>";
		};
		2C18CDD21AE9E2FD00E72583 /* Supporting Files */ = {
			isa = PBXGroup;
			children = (
				2C18CDD31AE9E2FD00E72583 /* Info.plist */,
			);
			name = "Supporting Files";
			sourceTree = "<group>";
		};
		2C18CDE71AE9E2FD00E72583 /* flickfinderTests */ = {
			isa = PBXGroup;
			children = (
				2C18CDEA1AE9E2FD00E72583 /* flickfinderTests.swift */,
				2C18CDE81AE9E2FD00E72583 /* Supporting Files */,
			);
			path = flickfinderTests;
			sourceTree = "<group>";
		};
		2C18CDE81AE9E2FD00E72583 /* Supporting Files */ = {
			isa = PBXGroup;
			children = (
				2C18CDE91AE9E2FD00E72583 /* Info.plist */,
			);
			name = "Supporting Files";
			sourceTree = "<group>";
		};
/* End PBXGroup section */

/* Begin PBXNativeTarget section */
		2C18CDCE1AE9E2FD00E72583 /* flickfinder */ = {
			isa = PBXNativeTarget;
			buildConfigurationList = 2C18CDEE1AE9E2FD00E72583 /* Build configuration list for PBXNativeTarget "flickfinder" */;
			buildPhases = (
				2C18CDCB1AE9E2FD00E72583 /* Sources */,
				2C18CDCC1AE9E2FD00E72583 /* Frameworks */,
				2C18CDCD1AE9E2FD00E72583 /* Resources */,
			);
			buildRules = (
			);
			dependencies = (
			);
			name = flickfinder;
			productName = flickfinder;
			productReference = 2C18CDCF1AE9E2FD00E72583 /* flickfinder.app */;
			productType = "com.apple.product-type.application";
		};
		2C18CDE31AE9E2FD00E72583 /* flickfinderTests */ = {
			isa = PBXNativeTarget;
			buildConfigurationList = 2C18CDF11AE9E2FD00E72583 /* Build configuration list for PBXNativeTarget "flickfinderTests" */;
			buildPhases = (
				2C18CDE01AE9E2FD00E72583 /* Sources */,
				2C18CDE11AE9E2FD00E72583 /* Frameworks */,
				2C18CDE21AE9E2FD00E72583 /* Resources */,
			);
			buildRules = (
			);
			dependencies = (
				2C18CDE61AE9E2FD00E72583 /* PBXTargetDependency */,
			);
			name = flickfinderTests;
			productName = flickfinderTests;
			productReference = 2C18CDE41AE9E2FD00E72583 /* flickfinderTests.xctest */;
			productType = "com.apple.product-type.bundle.unit-test";
		};
/* End PBXNativeTarget section */

/* Begin PBXProject section */
		2C18CDC71AE9E2FD00E72583 /* Project object */ = {
			isa = PBXProject;
			attributes = {
				LastUpgradeCheck = 0630;
				ORGANIZATIONNAME = SwiftBeard;
				TargetAttributes = {
					2C18CDCE1AE9E2FD00E72583 = {
						CreatedOnToolsVersion = 6.3.1;
					};
					2C18CDE31AE9E2FD00E72583 = {
						CreatedOnToolsVersion = 6.3.1;
						TestTargetID = 2C18CDCE1AE9E2FD00E72583;
					};
				};
			};
			buildConfigurationList = 2C18CDCA1AE9E2FD00E72583 /* Build configuration list for PBXProject "flickfinder" */;
			compatibilityVersion = "Xcode 3.2";
			developmentRegion = English;
			hasScannedForEncodings = 0;
			knownRegions = (
				en,
				Base,
			);
			mainGroup = 2C18CDC61AE9E2FD00E72583;
			productRefGroup = 2C18CDD01AE9E2FD00E72583 /* Products */;
			projectDirPath = "";
			projectRoot = "";
			targets = (
				2C18CDCE1AE9E2FD00E72583 /* flickfinder */,
				2C18CDE31AE9E2FD00E72583 /* flickfinderTests */,
			);
		};
/* End PBXProject section */

/* Begin PBXResourcesBuildPhase section */
		2C18CDCD1AE9E2FD00E72583 /* Resources */ = {
			isa = PBXResourcesBuildPhase;
			buildActionMask = 2147483647;
			files = (
				2C18CDDA1AE9E2FD00E72583 /* Main.storyboard in Resources */,
				2C18CDDF1AE9E2FD00E72583 /* LaunchScreen.xib in Resources */,
				2C18CDDC1AE9E2FD00E72583 /* Images.xcassets in Resources */,
			);
			runOnlyForDeploymentPostprocessing = 0;
		};
		2C18CDE21AE9E2FD00E72583 /* Resources */ = {
			isa = PBXResourcesBuildPhase;
			buildActionMask = 2147483647;
			files = (
			);
			runOnlyForDeploymentPostprocessing = 0;
		};
/* End PBXResourcesBuildPhase section */

/* Begin PBXSourcesBuildPhase section */
		2C18CDCB1AE9E2FD00E72583 /* Sources */ = {
			isa = PBXSourcesBuildPhase;
			buildActionMask = 2147483647;
			files = (
				2C18CDD71AE9E2FD00E72583 /* ViewController.swift in Sources */,
				2C18CDD51AE9E2FD00E72583 /* AppDelegate.swift in Sources */,
			);
			runOnlyForDeploymentPostprocessing = 0;
		};
		2C18CDE01AE9E2FD00E72583 /* Sources */ = {
			isa = PBXSourcesBuildPhase;
			buildActionMask = 2147483647;
			files = (
				2C18CDEB1AE9E2FD00E72583 /* flickfinderTests.swift in Sources */,
			);
			runOnlyForDeploymentPostprocessing = 0;
		};
/* End PBXSourcesBuildPhase section */

/* Begin PBXTargetDependency section */
		2C18CDE61AE9E2FD00E72583 /* PBXTargetDependency */ = {
			isa = PBXTargetDependency;
			target = 2C18CDCE1AE9E2FD00E72583 /* flickfinder */;
			targetProxy = 2C18CDE51AE9E2FD00E72583 /* PBXContainerItemProxy */;
		};
/* End PBXTargetDependency section */

/* Begin PBXVariantGroup section */
		2C18CDD81AE9E2FD00E72583 /* Main.storyboard */ = {
			isa = PBXVariantGroup;
			children = (
				2C18CDD91AE9E2FD00E72583 /* Base */,
			);
			name = Main.storyboard;
			sourceTree = "<group>";
		};
		2C18CDDD1AE9E2FD00E72583 /* LaunchScreen.xib */ = {
			isa = PBXVariantGroup;
			children = (
				2C18CDDE1AE9E2FD00E72583 /* Base */,
			);
			name = LaunchScreen.xib;
			sourceTree = "<group>";
		};
/* End PBXVariantGroup section */

/* Begin XCBuildConfiguration section */
		2C18CDEC1AE9E2FD00E72583 /* Debug */ = {
			isa = XCBuildConfiguration;
			buildSettings = {
				ALWAYS_SEARCH_USER_PATHS = NO;
				CLANG_CXX_LANGUAGE_STANDARD = "gnu++0x";
				CLANG_CXX_LIBRARY = "libc++";
				CLANG_ENABLE_MODULES = YES;
				CLANG_ENABLE_OBJC_ARC = YES;
				CLANG_WARN_BOOL_CONVERSION = YES;
				CLANG_WARN_CONSTANT_CONVERSION = YES;
				CLANG_WARN_DIRECT_OBJC_ISA_USAGE = YES_ERROR;
				CLANG_WARN_EMPTY_BODY = YES;
				CLANG_WARN_ENUM_CONVERSION = YES;
				CLANG_WARN_INT_CONVERSION = YES;
				CLANG_WARN_OBJC_ROOT_CLASS = YES_ERROR;
				CLANG_WARN_UNREACHABLE_CODE = YES;
				CLANG_WARN__DUPLICATE_METHOD_MATCH = YES;
				"CODE_SIGN_IDENTITY[sdk=iphoneos*]" = "iPhone Developer";
				COPY_PHASE_STRIP = NO;
				DEBUG_INFORMATION_FORMAT = "dwarf-with-dsym";
				ENABLE_STRICT_OBJC_MSGSEND = YES;
				GCC_C_LANGUAGE_STANDARD = gnu99;
				GCC_DYNAMIC_NO_PIC = NO;
				GCC_NO_COMMON_BLOCKS = YES;
				GCC_OPTIMIZATION_LEVEL = 0;
				GCC_PREPROCESSOR_DEFINITIONS = (
					"DEBUG=1",
					"$(inherited)",
				);
				GCC_SYMBOLS_PRIVATE_EXTERN = NO;
				GCC_WARN_64_TO_32_BIT_CONVERSION = YES;
				GCC_WARN_ABOUT_RETURN_TYPE = YES_ERROR;
				GCC_WARN_UNDECLARED_SELECTOR = YES;
				GCC_WARN_UNINITIALIZED_AUTOS = YES_AGGRESSIVE;
				GCC_WARN_UNUSED_FUNCTION = YES;
				GCC_WARN_UNUSED_VARIABLE = YES;
				IPHONEOS_DEPLOYMENT_TARGET = 8.3;
				MTL_ENABLE_DEBUG_INFO = YES;
				ONLY_ACTIVE_ARCH = YES;
				SDKROOT = iphoneos;
				SWIFT_OPTIMIZATION_LEVEL = "-Onone";
			};
			name = Debug;
		};
		2C18CDED1AE9E2FD00E72583 /* Release */ = {
			isa = XCBuildConfiguration;
			buildSettings = {
				ALWAYS_SEARCH_USER_PATHS = NO;
				CLANG_CXX_LANGUAGE_STANDARD = "gnu++0x";
				CLANG_CXX_LIBRARY = "libc++";
				CLANG_ENABLE_MODULES = YES;
				CLANG_ENABLE_OBJC_ARC = YES;
				CLANG_WARN_BOOL_CONVERSION = YES;
				CLANG_WARN_CONSTANT_CONVERSION = YES;
				CLANG_WARN_DIRECT_OBJC_ISA_USAGE = YES_ERROR;
				CLANG_WARN_EMPTY_BODY = YES;
				CLANG_WARN_ENUM_CONVERSION = YES;
				CLANG_WARN_INT_CONVERSION = YES;
				CLANG_WARN_OBJC_ROOT_CLASS = YES_ERROR;
				CLANG_WARN_UNREACHABLE_CODE = YES;
				CLANG_WARN__DUPLICATE_METHOD_MATCH = YES;
				"CODE_SIGN_IDENTITY[sdk=iphoneos*]" = "iPhone Developer";
				COPY_PHASE_STRIP = NO;
				DEBUG_INFORMATION_FORMAT = "dwarf-with-dsym";
				ENABLE_NS_ASSERTIONS = NO;
				ENABLE_STRICT_OBJC_MSGSEND = YES;
				GCC_C_LANGUAGE_STANDARD = gnu99;
				GCC_NO_COMMON_BLOCKS = YES;
				GCC_WARN_64_TO_32_BIT_CONVERSION = YES;
				GCC_WARN_ABOUT_RETURN_TYPE = YES_ERROR;
				GCC_WARN_UNDECLARED_SELECTOR = YES;
				GCC_WARN_UNINITIALIZED_AUTOS = YES_AGGRESSIVE;
				GCC_WARN_UNUSED_FUNCTION = YES;
				GCC_WARN_UNUSED_VARIABLE = YES;
				IPHONEOS_DEPLOYMENT_TARGET = 8.3;
				MTL_ENABLE_DEBUG_INFO = NO;
				SDKROOT = iphoneos;
				VALIDATE_PRODUCT = YES;
			};
			name = Release;
		};
		2C18CDEF1AE9E2FD00E72583 /* Debug */ = {
			isa = XCBuildConfiguration;
			buildSettings = {
				ASSETCATALOG_COMPILER_APPICON_NAME = AppIcon;
				INFOPLIST_FILE = flickfinder/Info.plist;
				LD_RUNPATH_SEARCH_PATHS = "$(inherited) @executable_path/Frameworks";
				PRODUCT_NAME = "$(TARGET_NAME)";
			};
			name = Debug;
		};
		2C18CDF01AE9E2FD00E72583 /* Release */ = {
			isa = XCBuildConfiguration;
			buildSettings = {
				ASSETCATALOG_COMPILER_APPICON_NAME = AppIcon;
				INFOPLIST_FILE = flickfinder/Info.plist;
				LD_RUNPATH_SEARCH_PATHS = "$(inherited) @executable_path/Frameworks";
				PRODUCT_NAME = "$(TARGET_NAME)";
			};
			name = Release;
		};
		2C18CDF21AE9E2FD00E72583 /* Debug */ = {
			isa = XCBuildConfiguration;
			buildSettings = {
				BUNDLE_LOADER = "$(TEST_HOST)";
				FRAMEWORK_SEARCH_PATHS = (
					"$(SDKROOT)/Developer/Library/Frameworks",
					"$(inherited)",
				);
				GCC_PREPROCESSOR_DEFINITIONS = (
					"DEBUG=1",
					"$(inherited)",
				);
				INFOPLIST_FILE = flickfinderTests/Info.plist;
				LD_RUNPATH_SEARCH_PATHS = "$(inherited) @executable_path/Frameworks @loader_path/Frameworks";
				PRODUCT_NAME = "$(TARGET_NAME)";
				TEST_HOST = "$(BUILT_PRODUCTS_DIR)/flickfinder.app/flickfinder";
			};
			name = Debug;
		};
		2C18CDF31AE9E2FD00E72583 /* Release */ = {
			isa = XCBuildConfiguration;
			buildSettings = {
				BUNDLE_LOADER = "$(TEST_HOST)";
				FRAMEWORK_SEARCH_PATHS = (
					"$(SDKROOT)/Developer/Library/Frameworks",
					"$(inherited)",
				);
				INFOPLIST_FILE = flickfinderTests/Info.plist;
				LD_RUNPATH_SEARCH_PATHS = "$(inherited) @executable_path/Frameworks @loader_path/Frameworks";
				PRODUCT_NAME = "$(TARGET_NAME)";
				TEST_HOST = "$(BUILT_PRODUCTS_DIR)/flickfinder.app/flickfinder";
			};
			name = Release;
		};
/* End XCBuildConfiguration section */

/* Begin XCConfigurationList section */
		2C18CDCA1AE9E2FD00E72583 /* Build configuration list for PBXProject "flickfinder" */ = {
			isa = XCConfigurationList;
			buildConfigurations = (
				2C18CDEC1AE9E2FD00E72583 /* Debug */,
				2C18CDED1AE9E2FD00E72583 /* Release */,
			);
			defaultConfigurationIsVisible = 0;
			defaultConfigurationName = Release;
		};
		2C18CDEE1AE9E2FD00E72583 /* Build configuration list for PBXNativeTarget "flickfinder" */ = {
			isa = XCConfigurationList;
			buildConfigurations = (
				2C18CDEF1AE9E2FD00E72583 /* Debug */,
				2C18CDF01AE9E2FD00E72583 /* Release */,
			);
			defaultConfigurationIsVisible = 0;
		};
		2C18CDF11AE9E2FD00E72583 /* Build configuration list for PBXNativeTarget "flickfinderTests" */ = {
			isa = XCConfigurationList;
			buildConfigurations = (
				2C18CDF21AE9E2FD00E72583 /* Debug */,
				2C18CDF31AE9E2FD00E72583 /* Release */,
			);
			defaultConfigurationIsVisible = 0;
		};
/* End XCConfigurationList section */
	};
	rootObject = 2C18CDC71AE9E2FD00E72583 /* Project object */;
}
